
Microsoft Visual Studio Solution File, Format Version 12.00
# Visual Studio Version 16
VisualStudioVersion = 16.0.31402.337
MinimumVisualStudioVersion = 10.0.40219.1
Project("{8BC9CEB8-8B4A-11D0-8D11-00A0C91BC942}") = "ExamenPractic", "ExamenPractic\ExamenPractic.vcxproj", "{C4779B83-64A4-4B51-A954-D07B8268FA15}"
EndProject
Global
	GlobalSection(SolutionConfigurationPlatforms) = preSolution
		Debug|x64 = Debug|x64
		Release|x64 = Release|x64
	EndGlobalSection
	GlobalSection(ProjectConfigurationPlatforms) = postSolution
		{C4779B83-64A4-4B51-A954-D07B8268FA15}.Debug|x64.ActiveCfg = Debug|x64
		{C4779B83-64A4-4B51-A954-D07B8268FA15}.Debug|x64.Build.0 = Debug|x64
		{C4779B83-64A4-4B51-A954-D07B8268FA15}.Release|x64.ActiveCfg = Release|x64
		{C4779B83-64A4-4B51-A954-D07B8268FA15}.Release|x64.Build.0 = Release|x64
	EndGlobalSection
	GlobalSection(SolutionProperties) = preSolution
		HideSolutionNode = FALSE
	EndGlobalSection
	GlobalSection(ExtensibilityGlobals) = postSolution
		SolutionGuid = {241A29D0-DE8A-4365-8158-E66A24032C9D}
	EndGlobalSection
EndGlobal
